
Microsoft Visual Studio Solution File, Format Version 12.00
Project("{FAE04EC0-301F-11D3-BF4B-00C04F79EFBC}") = "Lab8var3", "Lab8var3.csproj", "{E1532099-9D12-4675-BAA8-1E2EB23E6FE5}"
EndProject
Global
	GlobalSection(SolutionConfigurationPlatforms) = preSolution
		Debug|Any CPU = Debug|Any CPU
		Release|Any CPU = Release|Any CPU
	EndGlobalSection
	GlobalSection(ProjectConfigurationPlatforms) = postSolution
		{E1532099-9D12-4675-BAA8-1E2EB23E6FE5}.Debug|Any CPU.ActiveCfg = Debug|Any CPU
		{E1532099-9D12-4675-BAA8-1E2EB23E6FE5}.Debug|Any CPU.Build.0 = Debug|Any CPU
		{E1532099-9D12-4675-BAA8-1E2EB23E6FE5}.Release|Any CPU.ActiveCfg = Release|Any CPU
		{E1532099-9D12-4675-BAA8-1E2EB23E6FE5}.Release|Any CPU.Build.0 = Release|Any CPU
	EndGlobalSection
EndGlobal
